
Microsoft Visual Studio Solution File, Format Version 12.00
# Visual Studio Version 17
VisualStudioVersion = 17.10.35013.160
MinimumVisualStudioVersion = 10.0.40219.1
Project("{8BC9CEB8-8B4A-11D0-8D11-00A0C91BC942}") = "XEngine_APIModuleIPMac", "XEngine_APIModuleIPMac\XEngine_APIModuleIPMac.vcxproj", "{FFAC032D-4F8C-4C70-AF36-D79685A6961F}"
EndProject
Project("{8BC9CEB8-8B4A-11D0-8D11-00A0C91BC942}") = "XEngine_APPIPAddr", "XEngine_APPIPAddr\XEngine_APPIPAddr.vcxproj", "{6108C4B1-19C8-4947-9A55-28136C4264EF}"
EndProject
Project("{2150E333-8FDC-42A3-9474-1A3956D46DE8}") = "解决方案项", "解决方案项", "{2C39D77A-7E03-436B-A25E-A71FE4A15256}"
	ProjectSection(SolutionItems) = preProject
		XIPMac_CommHdr.h = XIPMac_CommHdr.h
	EndProjectSection
EndProject
Project("{8BC9CEB8-8B4A-11D0-8D11-00A0C91BC942}") = "XEngine_APPMacQuery", "XEngine_APPMacQuery\XEngine_APPMacQuery.vcxproj", "{16FEDBEF-05E8-43F5-8D1F-4A0F336CBAD6}"
EndProject
Global
	GlobalSection(SolutionConfigurationPlatforms) = preSolution
		Debug|ARM64 = Debug|ARM64
		Debug|x64 = Debug|x64
		Debug|x86 = Debug|x86
		Release|ARM64 = Release|ARM64
		Release|x64 = Release|x64
		Release|x86 = Release|x86
	EndGlobalSection
	GlobalSection(ProjectConfigurationPlatforms) = postSolution
		{FFAC032D-4F8C-4C70-AF36-D79685A6961F}.Debug|ARM64.ActiveCfg = Debug|ARM64
		{FFAC032D-4F8C-4C70-AF36-D79685A6961F}.Debug|ARM64.Build.0 = Debug|ARM64
		{FFAC032D-4F8C-4C70-AF36-D79685A6961F}.Debug|x64.ActiveCfg = Debug|x64
		{FFAC032D-4F8C-4C70-AF36-D79685A6961F}.Debug|x64.Build.0 = Debug|x64
		{FFAC032D-4F8C-4C70-AF36-D79685A6961F}.Debug|x86.ActiveCfg = Debug|Win32
		{FFAC032D-4F8C-4C70-AF36-D79685A6961F}.Debug|x86.Build.0 = Debug|Win32
		{FFAC032D-4F8C-4C70-AF36-D79685A6961F}.Release|ARM64.ActiveCfg = Release|ARM64
		{FFAC032D-4F8C-4C70-AF36-D79685A6961F}.Release|ARM64.Build.0 = Release|ARM64
		{FFAC032D-4F8C-4C70-AF36-D79685A6961F}.Release|x64.ActiveCfg = Release|x64
		{FFAC032D-4F8C-4C70-AF36-D79685A6961F}.Release|x64.Build.0 = Release|x64
		{FFAC032D-4F8C-4C70-AF36-D79685A6961F}.Release|x86.ActiveCfg = Release|Win32
		{FFAC032D-4F8C-4C70-AF36-D79685A6961F}.Release|x86.Build.0 = Release|Win32
		{6108C4B1-19C8-4947-9A55-28136C4264EF}.Debug|ARM64.ActiveCfg = Debug|ARM64
		{6108C4B1-19C8-4947-9A55-28136C4264EF}.Debug|ARM64.Build.0 = Debug|ARM64
		{6108C4B1-19C8-4947-9A55-28136C4264EF}.Debug|x64.ActiveCfg = Debug|x64
		{6108C4B1-19C8-4947-9A55-28136C4264EF}.Debug|x64.Build.0 = Debug|x64
		{6108C4B1-19C8-4947-9A55-28136C4264EF}.Debug|x86.ActiveCfg = Debug|Win32
		{6108C4B1-19C8-4947-9A55-28136C4264EF}.Debug|x86.Build.0 = Debug|Win32
		{6108C4B1-19C8-4947-9A55-28136C4264EF}.Release|ARM64.ActiveCfg = Release|ARM64
		{6108C4B1-19C8-4947-9A55-28136C4264EF}.Release|ARM64.Build.0 = Release|ARM64
		{6108C4B1-19C8-4947-9A55-28136C4264EF}.Release|x64.ActiveCfg = Release|x64
		{6108C4B1-19C8-4947-9A55-28136C4264EF}.Release|x64.Build.0 = Release|x64
		{6108C4B1-19C8-4947-9A55-28136C4264EF}.Release|x86.ActiveCfg = Release|Win32
		{6108C4B1-19C8-4947-9A55-28136C4264EF}.Release|x86.Build.0 = Release|Win32
		{16FEDBEF-05E8-43F5-8D1F-4A0F336CBAD6}.Debug|ARM64.ActiveCfg = Debug|ARM64
		{16FEDBEF-05E8-43F5-8D1F-4A0F336CBAD6}.Debug|ARM64.Build.0 = Debug|ARM64
		{16FEDBEF-05E8-43F5-8D1F-4A0F336CBAD6}.Debug|x64.ActiveCfg = Debug|x64
		{16FEDBEF-05E8-43F5-8D1F-4A0F336CBAD6}.Debug|x64.Build.0 = Debug|x64
		{16FEDBEF-05E8-43F5-8D1F-4A0F336CBAD6}.Debug|x86.ActiveCfg = Debug|Win32
		{16FEDBEF-05E8-43F5-8D1F-4A0F336CBAD6}.Debug|x86.Build.0 = Debug|Win32
		{16FEDBEF-05E8-43F5-8D1F-4A0F336CBAD6}.Release|ARM64.ActiveCfg = Release|ARM64
		{16FEDBEF-05E8-43F5-8D1F-4A0F336CBAD6}.Release|ARM64.Build.0 = Release|ARM64
		{16FEDBEF-05E8-43F5-8D1F-4A0F336CBAD6}.Release|x64.ActiveCfg = Release|x64
		{16FEDBEF-05E8-43F5-8D1F-4A0F336CBAD6}.Release|x64.Build.0 = Release|x64
		{16FEDBEF-05E8-43F5-8D1F-4A0F336CBAD6}.Release|x86.ActiveCfg = Release|Win32
		{16FEDBEF-05E8-43F5-8D1F-4A0F336CBAD6}.Release|x86.Build.0 = Release|Win32
	EndGlobalSection
	GlobalSection(SolutionProperties) = preSolution
		HideSolutionNode = FALSE
	EndGlobalSection
	GlobalSection(ExtensibilityGlobals) = postSolution
		SolutionGuid = {12D6A377-4AE4-4E6D-8E32-6009FEA52E4B}
	EndGlobalSection
EndGlobal
